
Microsoft Visual Studio Solution File, Format Version 12.00
# Visual Studio Version 17
VisualStudioVersion = 17.11.35312.102
MinimumVisualStudioVersion = 10.0.40219.1
Project("{FAE04EC0-301F-11D3-BF4B-00C04F79EFBC}") = "Prova", "Prova\Prova.csproj", "{3ABEB3F0-0E43-47F4-A58A-466C1680023C}"
EndProject
Global
	GlobalSection(SolutionConfigurationPlatforms) = preSolution
		Debug|Any CPU = Debug|Any CPU
		Release|Any CPU = Release|Any CPU
	EndGlobalSection
	GlobalSection(ProjectConfigurationPlatforms) = postSolution
		{3ABEB3F0-0E43-47F4-A58A-466C1680023C}.Debug|Any CPU.ActiveCfg = Debug|Any CPU
		{3ABEB3F0-0E43-47F4-A58A-466C1680023C}.Debug|Any CPU.Build.0 = Debug|Any CPU
		{3ABEB3F0-0E43-47F4-A58A-466C1680023C}.Release|Any CPU.ActiveCfg = Release|Any CPU
		{3ABEB3F0-0E43-47F4-A58A-466C1680023C}.Release|Any CPU.Build.0 = Release|Any CPU
	EndGlobalSection
	GlobalSection(SolutionProperties) = preSolution
		HideSolutionNode = FALSE
	EndGlobalSection
	GlobalSection(ExtensibilityGlobals) = postSolution
		SolutionGuid = {926B5976-698D-409D-8221-D391A51ECEF6}
	EndGlobalSection
EndGlobal
